
Microsoft Visual Studio Solution File, Format Version 12.00
# Visual Studio Version 17
VisualStudioVersion = 17.2.32210.308
MinimumVisualStudioVersion = 10.0.40219.1
Project("{FAE04EC0-301F-11D3-BF4B-00C04F79EFBC}") = "API", "API\API.csproj", "{9C642DC2-1C12-4C1C-9ABF-06D0770E7FAB}"
EndProject
Global
	GlobalSection(SolutionConfigurationPlatforms) = preSolution
		Debug|Any CPU = Debug|Any CPU
		Release|Any CPU = Release|Any CPU
	EndGlobalSection
	GlobalSection(ProjectConfigurationPlatforms) = postSolution
		{9C642DC2-1C12-4C1C-9ABF-06D0770E7FAB}.Debug|Any CPU.ActiveCfg = Debug|Any CPU
		{9C642DC2-1C12-4C1C-9ABF-06D0770E7FAB}.Debug|Any CPU.Build.0 = Debug|Any CPU
		{9C642DC2-1C12-4C1C-9ABF-06D0770E7FAB}.Release|Any CPU.ActiveCfg = Release|Any CPU
		{9C642DC2-1C12-4C1C-9ABF-06D0770E7FAB}.Release|Any CPU.Build.0 = Release|Any CPU
	EndGlobalSection
	GlobalSection(SolutionProperties) = preSolution
		HideSolutionNode = FALSE
	EndGlobalSection
	GlobalSection(ExtensibilityGlobals) = postSolution
		SolutionGuid = {F44368A0-E856-4112-BC91-4C96FA78DC26}
	EndGlobalSection
EndGlobal
